
Microsoft Visual Studio Solution File, Format Version 12.00
# Visual Studio Version 17
VisualStudioVersion = 17.3.32901.215
MinimumVisualStudioVersion = 10.0.40219.1
Project("{9A19103F-16F7-4668-BE54-9A1E7A4F7556}") = "ERP", "ERP.csproj", "{960CB035-9E01-4CAB-9B50-975B8848B2A0}"
EndProject
Project("{2150E333-8FDC-42A3-9474-1A3956D46DE8}") = "Models", "Models", "{E7BA2EE8-3CF5-484A-BDC4-8D5C6E7C89D0}"
	ProjectSection(SolutionItems) = preProject
		Products\Products.cs = Products\Products.cs
		Sequence.cs = Sequence.cs
	EndProjectSection
EndProject
Global
	GlobalSection(SolutionConfigurationPlatforms) = preSolution
		Debug|Any CPU = Debug|Any CPU
		Release|Any CPU = Release|Any CPU
	EndGlobalSection
	GlobalSection(ProjectConfigurationPlatforms) = postSolution
		{960CB035-9E01-4CAB-9B50-975B8848B2A0}.Debug|Any CPU.ActiveCfg = Debug|Any CPU
		{960CB035-9E01-4CAB-9B50-975B8848B2A0}.Debug|Any CPU.Build.0 = Debug|Any CPU
		{960CB035-9E01-4CAB-9B50-975B8848B2A0}.Release|Any CPU.ActiveCfg = Release|Any CPU
		{960CB035-9E01-4CAB-9B50-975B8848B2A0}.Release|Any CPU.Build.0 = Release|Any CPU
	EndGlobalSection
	GlobalSection(SolutionProperties) = preSolution
		HideSolutionNode = FALSE
	EndGlobalSection
	GlobalSection(ExtensibilityGlobals) = postSolution
		SolutionGuid = {94C17DD7-545F-49F0-9B7B-8CF7C15B984F}
	EndGlobalSection
EndGlobal
